
Microsoft Visual Studio Solution File, Format Version 12.00
# Visual Studio Version 16
VisualStudioVersion = 16.0.28922.388
MinimumVisualStudioVersion = 10.0.40219.1
Project("{FAE04EC0-301F-11D3-BF4B-00C04F79EFBC}") = "TestWebMVC", "TestWebMVC\TestWebMVC.csproj", "{8AD01640-4BBF-4C44-AB15-9CBAC7DC8184}"
EndProject
Global
	GlobalSection(SolutionConfigurationPlatforms) = preSolution
		Debug|Any CPU = Debug|Any CPU
		Release|Any CPU = Release|Any CPU
	EndGlobalSection
	GlobalSection(ProjectConfigurationPlatforms) = postSolution
		{8AD01640-4BBF-4C44-AB15-9CBAC7DC8184}.Debug|Any CPU.ActiveCfg = Debug|Any CPU
		{8AD01640-4BBF-4C44-AB15-9CBAC7DC8184}.Debug|Any CPU.Build.0 = Debug|Any CPU
		{8AD01640-4BBF-4C44-AB15-9CBAC7DC8184}.Release|Any CPU.ActiveCfg = Release|Any CPU
		{8AD01640-4BBF-4C44-AB15-9CBAC7DC8184}.Release|Any CPU.Build.0 = Release|Any CPU
	EndGlobalSection
	GlobalSection(SolutionProperties) = preSolution
		HideSolutionNode = FALSE
	EndGlobalSection
	GlobalSection(ExtensibilityGlobals) = postSolution
		SolutionGuid = {EE833181-881F-47FA-96A6-0416FE5F5C44}
	EndGlobalSection
EndGlobal
